
Microsoft Visual Studio Solution File, Format Version 12.00
# Visual Studio Version 17
VisualStudioVersion = 17.13.35825.156 d17.13
MinimumVisualStudioVersion = 10.0.40219.1
Project("{FAE04EC0-301F-11D3-BF4B-00C04F79EFBC}") = "Aplicación_1", "Aplicación_1\Aplicación_1.csproj", "{0EF8467A-A1AE-4A36-B974-AE8784430240}"
EndProject
Global
	GlobalSection(SolutionConfigurationPlatforms) = preSolution
		Debug|Any CPU = Debug|Any CPU
		Release|Any CPU = Release|Any CPU
	EndGlobalSection
	GlobalSection(ProjectConfigurationPlatforms) = postSolution
		{0EF8467A-A1AE-4A36-B974-AE8784430240}.Debug|Any CPU.ActiveCfg = Debug|Any CPU
		{0EF8467A-A1AE-4A36-B974-AE8784430240}.Debug|Any CPU.Build.0 = Debug|Any CPU
		{0EF8467A-A1AE-4A36-B974-AE8784430240}.Release|Any CPU.ActiveCfg = Release|Any CPU
		{0EF8467A-A1AE-4A36-B974-AE8784430240}.Release|Any CPU.Build.0 = Release|Any CPU
	EndGlobalSection
	GlobalSection(SolutionProperties) = preSolution
		HideSolutionNode = FALSE
	EndGlobalSection
	GlobalSection(ExtensibilityGlobals) = postSolution
		SolutionGuid = {3D71EA7C-FCF0-4B08-A33A-ABDF902D120C}
	EndGlobalSection
EndGlobal
